
Microsoft Visual Studio Solution File, Format Version 12.00
# Visual Studio 15
VisualStudioVersion = 15.0.28307.1525
MinimumVisualStudioVersion = 10.0.40219.1
Project("{8BC9CEB8-8B4A-11D0-8D11-00A0C91BC942}") = "TestGLFWEnv", "TestGLFWEnv\TestGLFWEnv.vcxproj", "{394B5348-EE72-4F89-AF32-1C2ECECD5AFB}"
EndProject
Project("{8BC9CEB8-8B4A-11D0-8D11-00A0C91BC942}") = "glad", "glad\glad.vcxitems", "{24C863B7-ABCF-4A2A-A4DC-3DA115BE1B65}"
EndProject
Project("{8BC9CEB8-8B4A-11D0-8D11-00A0C91BC942}") = "1_HelloTriangle", "1_HelloTriangle\1_HelloTriangle.vcxproj", "{184CAEB9-FBE0-44BE-A6A1-D9248E72D0DC}"
EndProject
Project("{8BC9CEB8-8B4A-11D0-8D11-00A0C91BC942}") = "2_Uniform", "2_Uniform\2_Uniform.vcxproj", "{E1A81652-3ADF-4F20-B50A-35CD3B1C796C}"
EndProject
Project("{8BC9CEB8-8B4A-11D0-8D11-00A0C91BC942}") = "3_Shader", "3_Shader\3_Shader.vcxproj", "{DEF1711A-2A3E-4E65-8EA4-F5658DA6AE6F}"
EndProject
Project("{8BC9CEB8-8B4A-11D0-8D11-00A0C91BC942}") = "imgui", "imgui\imgui.vcxitems", "{D6EE3707-302C-4795-AB15-B7AA3F28DB37}"
EndProject
Project("{8BC9CEB8-8B4A-11D0-8D11-00A0C91BC942}") = "4_ImGui", "4_ImGui\4_ImGui.vcxproj", "{7FAF2DDD-2991-422E-A07C-7099A370390D}"
EndProject
Global
	GlobalSection(SharedMSBuildProjectFiles) = preSolution
		glad\glad.vcxitems*{184caeb9-fbe0-44be-a6a1-d9248e72d0dc}*SharedItemsImports = 4
		glad\glad.vcxitems*{24c863b7-abcf-4a2a-a4dc-3da115be1b65}*SharedItemsImports = 9
		glad\glad.vcxitems*{394b5348-ee72-4f89-af32-1c2ececd5afb}*SharedItemsImports = 4
		glad\glad.vcxitems*{7faf2ddd-2991-422e-a07c-7099a370390d}*SharedItemsImports = 4
		imgui\imgui.vcxitems*{7faf2ddd-2991-422e-a07c-7099a370390d}*SharedItemsImports = 4
		imgui\imgui.vcxitems*{d6ee3707-302c-4795-ab15-b7aa3f28db37}*SharedItemsImports = 9
		glad\glad.vcxitems*{def1711a-2a3e-4e65-8ea4-f5658da6ae6f}*SharedItemsImports = 4
		glad\glad.vcxitems*{e1a81652-3adf-4f20-b50a-35cd3b1c796c}*SharedItemsImports = 4
	EndGlobalSection
	GlobalSection(SolutionConfigurationPlatforms) = preSolution
		Debug|x64 = Debug|x64
		Debug|x86 = Debug|x86
		Release|x64 = Release|x64
		Release|x86 = Release|x86
	EndGlobalSection
	GlobalSection(ProjectConfigurationPlatforms) = postSolution
		{394B5348-EE72-4F89-AF32-1C2ECECD5AFB}.Debug|x64.ActiveCfg = Debug|x64
		{394B5348-EE72-4F89-AF32-1C2ECECD5AFB}.Debug|x64.Build.0 = Debug|x64
		{394B5348-EE72-4F89-AF32-1C2ECECD5AFB}.Debug|x86.ActiveCfg = Debug|Win32
		{394B5348-EE72-4F89-AF32-1C2ECECD5AFB}.Debug|x86.Build.0 = Debug|Win32
		{394B5348-EE72-4F89-AF32-1C2ECECD5AFB}.Release|x64.ActiveCfg = Release|x64
		{394B5348-EE72-4F89-AF32-1C2ECECD5AFB}.Release|x64.Build.0 = Release|x64
		{394B5348-EE72-4F89-AF32-1C2ECECD5AFB}.Release|x86.ActiveCfg = Release|Win32
		{394B5348-EE72-4F89-AF32-1C2ECECD5AFB}.Release|x86.Build.0 = Release|Win32
		{184CAEB9-FBE0-44BE-A6A1-D9248E72D0DC}.Debug|x64.ActiveCfg = Debug|x64
		{184CAEB9-FBE0-44BE-A6A1-D9248E72D0DC}.Debug|x64.Build.0 = Debug|x64
		{184CAEB9-FBE0-44BE-A6A1-D9248E72D0DC}.Debug|x86.ActiveCfg = Debug|Win32
		{184CAEB9-FBE0-44BE-A6A1-D9248E72D0DC}.Debug|x86.Build.0 = Debug|Win32
		{184CAEB9-FBE0-44BE-A6A1-D9248E72D0DC}.Release|x64.ActiveCfg = Release|x64
		{184CAEB9-FBE0-44BE-A6A1-D9248E72D0DC}.Release|x64.Build.0 = Release|x64
		{184CAEB9-FBE0-44BE-A6A1-D9248E72D0DC}.Release|x86.ActiveCfg = Release|Win32
		{184CAEB9-FBE0-44BE-A6A1-D9248E72D0DC}.Release|x86.Build.0 = Release|Win32
		{E1A81652-3ADF-4F20-B50A-35CD3B1C796C}.Debug|x64.ActiveCfg = Debug|x64
		{E1A81652-3ADF-4F20-B50A-35CD3B1C796C}.Debug|x64.Build.0 = Debug|x64
		{E1A81652-3ADF-4F20-B50A-35CD3B1C796C}.Debug|x86.ActiveCfg = Debug|Win32
		{E1A81652-3ADF-4F20-B50A-35CD3B1C796C}.Debug|x86.Build.0 = Debug|Win32
		{E1A81652-3ADF-4F20-B50A-35CD3B1C796C}.Release|x64.ActiveCfg = Release|x64
		{E1A81652-3ADF-4F20-B50A-35CD3B1C796C}.Release|x64.Build.0 = Release|x64
		{E1A81652-3ADF-4F20-B50A-35CD3B1C796C}.Release|x86.ActiveCfg = Release|Win32
		{E1A81652-3ADF-4F20-B50A-35CD3B1C796C}.Release|x86.Build.0 = Release|Win32
		{DEF1711A-2A3E-4E65-8EA4-F5658DA6AE6F}.Debug|x64.ActiveCfg = Debug|x64
		{DEF1711A-2A3E-4E65-8EA4-F5658DA6AE6F}.Debug|x64.Build.0 = Debug|x64
		{DEF1711A-2A3E-4E65-8EA4-F5658DA6AE6F}.Debug|x86.ActiveCfg = Debug|Win32
		{DEF1711A-2A3E-4E65-8EA4-F5658DA6AE6F}.Debug|x86.Build.0 = Debug|Win32
		{DEF1711A-2A3E-4E65-8EA4-F5658DA6AE6F}.Release|x64.ActiveCfg = Release|x64
		{DEF1711A-2A3E-4E65-8EA4-F5658DA6AE6F}.Release|x64.Build.0 = Release|x64
		{DEF1711A-2A3E-4E65-8EA4-F5658DA6AE6F}.Release|x86.ActiveCfg = Release|Win32
		{DEF1711A-2A3E-4E65-8EA4-F5658DA6AE6F}.Release|x86.Build.0 = Release|Win32
		{7FAF2DDD-2991-422E-A07C-7099A370390D}.Debug|x64.ActiveCfg = Debug|x64
		{7FAF2DDD-2991-422E-A07C-7099A370390D}.Debug|x64.Build.0 = Debug|x64
		{7FAF2DDD-2991-422E-A07C-7099A370390D}.Debug|x86.ActiveCfg = Debug|Win32
		{7FAF2DDD-2991-422E-A07C-7099A370390D}.Debug|x86.Build.0 = Debug|Win32
		{7FAF2DDD-2991-422E-A07C-7099A370390D}.Release|x64.ActiveCfg = Release|x64
		{7FAF2DDD-2991-422E-A07C-7099A370390D}.Release|x64.Build.0 = Release|x64
		{7FAF2DDD-2991-422E-A07C-7099A370390D}.Release|x86.ActiveCfg = Release|Win32
		{7FAF2DDD-2991-422E-A07C-7099A370390D}.Release|x86.Build.0 = Release|Win32
	EndGlobalSection
	GlobalSection(SolutionProperties) = preSolution
		HideSolutionNode = FALSE
	EndGlobalSection
	GlobalSection(ExtensibilityGlobals) = postSolution
		SolutionGuid = {CFA1931B-B85F-4B8F-BE3D-AE7759FE22DB}
	EndGlobalSection
EndGlobal
